
Microsoft Visual Studio Solution File, Format Version 12.00
# Visual Studio Version 16
VisualStudioVersion = 16.0.32002.261
MinimumVisualStudioVersion = 10.0.40219.1
Project("{9A19103F-16F7-4668-BE54-9A1E7A4F7556}") = "ProjeBlog1", "ProjeBlog1.csproj", "{94225145-FA3C-437F-A9EB-73EB06DCA6DE}"
EndProject
Project("{FAE04EC0-301F-11D3-BF4B-00C04F79EFBC}") = "EntityLayer", "..\EntityLayer\EntityLayer.csproj", "{1E65DA6A-4A5F-452A-9314-B95B37D65E87}"
EndProject
Project("{FAE04EC0-301F-11D3-BF4B-00C04F79EFBC}") = "Dal", "..\Dal\Dal.csproj", "{A1553DC2-BEBD-4522-A0AA-21D4D5C58049}"
EndProject
Project("{FAE04EC0-301F-11D3-BF4B-00C04F79EFBC}") = "Bussiness", "..\Bussiness\Bussiness.csproj", "{3CBA3CC1-E539-4296-977D-FE9E7C5AC25D}"
EndProject
Global
	GlobalSection(SolutionConfigurationPlatforms) = preSolution
		Debug|Any CPU = Debug|Any CPU
		Release|Any CPU = Release|Any CPU
	EndGlobalSection
	GlobalSection(ProjectConfigurationPlatforms) = postSolution
		{94225145-FA3C-437F-A9EB-73EB06DCA6DE}.Debug|Any CPU.ActiveCfg = Debug|Any CPU
		{94225145-FA3C-437F-A9EB-73EB06DCA6DE}.Debug|Any CPU.Build.0 = Debug|Any CPU
		{94225145-FA3C-437F-A9EB-73EB06DCA6DE}.Release|Any CPU.ActiveCfg = Release|Any CPU
		{94225145-FA3C-437F-A9EB-73EB06DCA6DE}.Release|Any CPU.Build.0 = Release|Any CPU
		{1E65DA6A-4A5F-452A-9314-B95B37D65E87}.Debug|Any CPU.ActiveCfg = Debug|Any CPU
		{1E65DA6A-4A5F-452A-9314-B95B37D65E87}.Debug|Any CPU.Build.0 = Debug|Any CPU
		{1E65DA6A-4A5F-452A-9314-B95B37D65E87}.Release|Any CPU.ActiveCfg = Release|Any CPU
		{1E65DA6A-4A5F-452A-9314-B95B37D65E87}.Release|Any CPU.Build.0 = Release|Any CPU
		{A1553DC2-BEBD-4522-A0AA-21D4D5C58049}.Debug|Any CPU.ActiveCfg = Debug|Any CPU
		{A1553DC2-BEBD-4522-A0AA-21D4D5C58049}.Debug|Any CPU.Build.0 = Debug|Any CPU
		{A1553DC2-BEBD-4522-A0AA-21D4D5C58049}.Release|Any CPU.ActiveCfg = Release|Any CPU
		{A1553DC2-BEBD-4522-A0AA-21D4D5C58049}.Release|Any CPU.Build.0 = Release|Any CPU
		{3CBA3CC1-E539-4296-977D-FE9E7C5AC25D}.Debug|Any CPU.ActiveCfg = Debug|Any CPU
		{3CBA3CC1-E539-4296-977D-FE9E7C5AC25D}.Debug|Any CPU.Build.0 = Debug|Any CPU
		{3CBA3CC1-E539-4296-977D-FE9E7C5AC25D}.Release|Any CPU.ActiveCfg = Release|Any CPU
		{3CBA3CC1-E539-4296-977D-FE9E7C5AC25D}.Release|Any CPU.Build.0 = Release|Any CPU
	EndGlobalSection
	GlobalSection(SolutionProperties) = preSolution
		HideSolutionNode = FALSE
	EndGlobalSection
	GlobalSection(ExtensibilityGlobals) = postSolution
		SolutionGuid = {354D3352-44B2-437A-8D20-7DA6E2D61E44}
	EndGlobalSection
EndGlobal
